{
  "name": "tester",
  "lockfileVersion": 2,
  "requires": true,
  "packages": {
    "": {
      "dependencies": {
        "calculate-correlation": "^1.2.3"
      }
    },
    "node_modules/calculate-correlation": {
      "version": "1.2.3",
      "resolved": "https://registry.npmjs.org/calculate-correlation/-/calculate-correlation-1.2.3.tgz",
      "integrity": "sha512-WLoM4ZXJcFcnqhiYtTCBoKaNoWM6O0daL/7jbctM+ZJU2tNdUHH+mvxeLSc11Kgd/jsNHtnVW6lGlxA0H+MmiQ=="
    }
  },
  "dependencies": {
    "calculate-correlation": {
      "version": "1.2.3",
      "resolved": "https://registry.npmjs.org/calculate-correlation/-/calculate-correlation-1.2.3.tgz",
      "integrity": "sha512-WLoM4ZXJcFcnqhiYtTCBoKaNoWM6O0daL/7jbctM+ZJU2tNdUHH+mvxeLSc11Kgd/jsNHtnVW6lGlxA0H+MmiQ=="
    }
  }
}
